
Microsoft Visual Studio Solution File, Format Version 12.00
# Visual Studio Version 17
VisualStudioVersion = 17.7.34018.315
MinimumVisualStudioVersion = 10.0.40219.1
Project("{FAE04EC0-301F-11D3-BF4B-00C04F79EFBC}") = "SBT-RMEx-Automation", "SBT-RMEx-Automation\SBT-RMEx-Automation.csproj", "{F8D73FE4-775B-4DD5-8C92-6FA009A8D7CD}"
EndProject
Global
	GlobalSection(SolutionConfigurationPlatforms) = preSolution
		Debug|Any CPU = Debug|Any CPU
		Release|Any CPU = Release|Any CPU
	EndGlobalSection
	GlobalSection(ProjectConfigurationPlatforms) = postSolution
		{F8D73FE4-775B-4DD5-8C92-6FA009A8D7CD}.Debug|Any CPU.ActiveCfg = Debug|Any CPU
		{F8D73FE4-775B-4DD5-8C92-6FA009A8D7CD}.Debug|Any CPU.Build.0 = Debug|Any CPU
		{F8D73FE4-775B-4DD5-8C92-6FA009A8D7CD}.Release|Any CPU.ActiveCfg = Release|Any CPU
		{F8D73FE4-775B-4DD5-8C92-6FA009A8D7CD}.Release|Any CPU.Build.0 = Release|Any CPU
	EndGlobalSection
	GlobalSection(SolutionProperties) = preSolution
		HideSolutionNode = FALSE
	EndGlobalSection
	GlobalSection(ExtensibilityGlobals) = postSolution
		SolutionGuid = {60740E22-919B-4EEC-804D-D4409D0CD447}
	EndGlobalSection
EndGlobal
